{
  "object": {
    "pins": [
      {
        "package": "Hover",
        "repositoryURL": "https://github.com/onurhuseyincantay/Hover",
        "state": {
          "branch": null,
          "revision": "03caf943ba842c8049375e3d883e63a93497589e",
          "version": "1.0.7"
        }
      },
      {
        "package": "Kingfisher",
        "repositoryURL": "https://github.com/onevcat/Kingfisher",
        "state": {
          "branch": null,
          "revision": "0e548b700c7c123dd3b2ac776e90d63a540f084d",
          "version": "5.15.7"
        }
      }
    ]
  },
  "version": 1
}
